// !$*UTF8*$!
{
	archiveVersion = 1;
	classes = {
	};
	objectVersion = 46;
	objects = {

/* Begin PBXBuildFile section */
		1BE261F01D38E7420080828E /* AppDelegate.swift in Sources */ = {isa = PBXBuildFile; fileRef = 1BE261EF1D38E7420080828E /* AppDelegate.swift */; };
		1BE261F21D38E7420080828E /* ViewController.swift in Sources */ = {isa = PBXBuildFile; fileRef = 1BE261F11D38E7420080828E /* ViewController.swift */; };
		1BE261F51D38E7420080828E /* Main.storyboard in Resources */ = {isa = PBXBuildFile; fileRef = 1BE261F31D38E7420080828E /* Main.storyboard */; };
		1BE261F71D38E7420080828E /* Assets.xcassets in Resources */ = {isa = PBXBuildFile; fileRef = 1BE261F61D38E7420080828E /* Assets.xcassets */; };
		1BE261FA1D38E7420080828E /* LaunchScreen.storyboard in Resources */ = {isa = PBXBuildFile; fileRef = 1BE261F81D38E7420080828E /* LaunchScreen.storyboard */; };
		1BE262021D38E85D0080828E /* .gitignore in Resources */ = {isa = PBXBuildFile; fileRef = 1BE262011D38E85D0080828E /* .gitignore */; };
		F904DD3452D7C796B2A638ED /* Pods_TestRealm.framework in Frameworks */ = {isa = PBXBuildFile; fileRef = 7F4CCC676C42092B2F1C83A9 /* Pods_TestRealm.framework */; };
/* End PBXBuildFile section */

/* Begin PBXFileReference section */
		1BE261EC1D38E7420080828E /* TestRealm.app */ = {isa = PBXFileReference; explicitFileType = wrapper.application; includeInIndex = 0; path = TestRealm.app; sourceTree = BUILT_PRODUCTS_DIR; };
		1BE261EF1D38E7420080828E /* AppDelegate.swift */ = {isa = PBXFileReference; lastKnownFileType = sourcecode.swift; path = AppDelegate.swift; sourceTree = "<group>"; };
		1BE261F11D38E7420080828E /* ViewController.swift */ = {isa = PBXFileReference; lastKnownFileType = sourcecode.swift; path = ViewController.swift; sourceTree = "<group>"; };
		1BE261F41D38E7420080828E /* Base */ = {isa = PBXFileReference; lastKnownFileType = file.storyboard; name = Base; path = Base.lproj/Main.storyboard; sourceTree = "<group>"; };
		1BE261F61D38E7420080828E /* Assets.xcassets */ = {isa = PBXFileReference; lastKnownFileType = folder.assetcatalog; path = Assets.xcassets; sourceTree = "<group>"; };
		1BE261F91D38E7420080828E /* Base */ = {isa = PBXFileReference; lastKnownFileType = file.storyboard; name = Base; path = Base.lproj/LaunchScreen.storyboard; sourceTree = "<group>"; };
		1BE261FB1D38E7420080828E /* Info.plist */ = {isa = PBXFileReference; lastKnownFileType = text.plist.xml; path = Info.plist; sourceTree = "<group>"; };
		1BE262011D38E85D0080828E /* .gitignore */ = {isa = PBXFileReference; fileEncoding = 4; lastKnownFileType = text; path = .gitignore; sourceTree = SOURCE_ROOT; };
		352F8A0934BC82F4EC501903 /* Pods-TestRealm.release.xcconfig */ = {isa = PBXFileReference; includeInIndex = 1; lastKnownFileType = text.xcconfig; name = "Pods-TestRealm.release.xcconfig"; path = "Pods/Target Support Files/Pods-TestRealm/Pods-TestRealm.release.xcconfig"; sourceTree = "<group>"; };
		375465D0BF0BC95A01B82818 /* Pods-TestRealm.debug.xcconfig */ = {isa = PBXFileReference; includeInIndex = 1; lastKnownFileType = text.xcconfig; name = "Pods-TestRealm.debug.xcconfig"; path = "Pods/Target Support Files/Pods-TestRealm/Pods-TestRealm.debug.xcconfig"; sourceTree = "<group>"; };
		7F4CCC676C42092B2F1C83A9 /* Pods_TestRealm.framework */ = {isa = PBXFileReference; explicitFileType = wrapper.framework; includeInIndex = 0; path = Pods_TestRealm.framework; sourceTree = BUILT_PRODUCTS_DIR; };
/* End PBXFileReference section */

/* Begin PBXFrameworksBuildPhase section */
		1BE261E91D38E7410080828E /* Frameworks */ = {
			isa = PBXFrameworksBuildPhase;
			buildActionMask = 2147483647;
			files = (
				F904DD3452D7C796B2A638ED /* Pods_TestRealm.framework in Frameworks */,
			);
			runOnlyForDeploymentPostprocessing = 0;
		};
/* End PBXFrameworksBuildPhase section */

/* Begin PBXGroup section */
		1BE261E31D38E7410080828E = {
			isa = PBXGroup;
			children = (
				1BE261EE1D38E7420080828E /* TestRealm */,
				1BE261ED1D38E7420080828E /* Products */,
				4FB579D19D71BD85E6262BC8 /* Pods */,
				BBFF194905B4E6CCF4684345 /* Frameworks */,
			);
			sourceTree = "<group>";
		};
		1BE261ED1D38E7420080828E /* Products */ = {
			isa = PBXGroup;
			children = (
				1BE261EC1D38E7420080828E /* TestRealm.app */,
			);
			name = Products;
			sourceTree = "<group>";
		};
		1BE261EE1D38E7420080828E /* TestRealm */ = {
			isa = PBXGroup;
			children = (
				1BE262011D38E85D0080828E /* .gitignore */,
				1BE261EF1D38E7420080828E /* AppDelegate.swift */,
				1BE261F11D38E7420080828E /* ViewController.swift */,
				1BE261F31D38E7420080828E /* Main.storyboard */,
				1BE261F61D38E7420080828E /* Assets.xcassets */,
				1BE261F81D38E7420080828E /* LaunchScreen.storyboard */,
				1BE261FB1D38E7420080828E /* Info.plist */,
			);
			path = TestRealm;
			sourceTree = "<group>";
		};
		4FB579D19D71BD85E6262BC8 /* Pods */ = {
			isa = PBXGroup;
			children = (
				375465D0BF0BC95A01B82818 /* Pods-TestRealm.debug.xcconfig */,
				352F8A0934BC82F4EC501903 /* Pods-TestRealm.release.xcconfig */,
			);
			name = Pods;
			sourceTree = "<group>";
		};
		BBFF194905B4E6CCF4684345 /* Frameworks */ = {
			isa = PBXGroup;
			children = (
				7F4CCC676C42092B2F1C83A9 /* Pods_TestRealm.framework */,
			);
			name = Frameworks;
			sourceTree = "<group>";
		};
/* End PBXGroup section */

/* Begin PBXNativeTarget section */
		1BE261EB1D38E7410080828E /* TestRealm */ = {
			isa = PBXNativeTarget;
			buildConfigurationList = 1BE261FE1D38E7420080828E /* Build configuration list for PBXNativeTarget "TestRealm" */;
			buildPhases = (
				B080730C4BF64FEBC749279A /* [CP] Check Pods Manifest.lock */,
				1BE261E81D38E7410080828E /* Sources */,
				1BE261E91D38E7410080828E /* Frameworks */,
				1BE261EA1D38E7410080828E /* Resources */,
				D520BF9A57BEB4ACA8BF90CD /* [CP] Embed Pods Frameworks */,
				50134D787245CD82A40E0A37 /* [CP] Copy Pods Resources */,
			);
			buildRules = (
			);
			dependencies = (
			);
			name = TestRealm;
			productName = TestRealm;
			productReference = 1BE261EC1D38E7420080828E /* TestRealm.app */;
			productType = "com.apple.product-type.application";
		};
/* End PBXNativeTarget section */

/* Begin PBXProject section */
		1BE261E41D38E7410080828E /* Project object */ = {
			isa = PBXProject;
			attributes = {
				LastSwiftUpdateCheck = 0730;
				LastUpgradeCheck = 0730;
				ORGANIZATIONNAME = "Thanh Pham";
				TargetAttributes = {
					1BE261EB1D38E7410080828E = {
						CreatedOnToolsVersion = 7.3.1;
					};
				};
			};
			buildConfigurationList = 1BE261E71D38E7410080828E /* Build configuration list for PBXProject "TestRealm" */;
			compatibilityVersion = "Xcode 3.2";
			developmentRegion = English;
			hasScannedForEncodings = 0;
			knownRegions = (
				en,
				Base,
			);
			mainGroup = 1BE261E31D38E7410080828E;
			productRefGroup = 1BE261ED1D38E7420080828E /* Products */;
			projectDirPath = "";
			projectRoot = "";
			targets = (
				1BE261EB1D38E7410080828E /* TestRealm */,
			);
		};
/* End PBXProject section */

/* Begin PBXResourcesBuildPhase section */
		1BE261EA1D38E7410080828E /* Resources */ = {
			isa = PBXResourcesBuildPhase;
			buildActionMask = 2147483647;
			files = (
				1BE262021D38E85D0080828E /* .gitignore in Resources */,
				1BE261FA1D38E7420080828E /* LaunchScreen.storyboard in Resources */,
				1BE261F71D38E7420080828E /* Assets.xcassets in Resources */,
				1BE261F51D38E7420080828E /* Main.storyboard in Resources */,
			);
			runOnlyForDeploymentPostprocessing = 0;
		};
/* End PBXResourcesBuildPhase section */

/* Begin PBXShellScriptBuildPhase section */
		50134D787245CD82A40E0A37 /* [CP] Copy Pods Resources */ = {
			isa = PBXShellScriptBuildPhase;
			buildActionMask = 2147483647;
			files = (
			);
			inputPaths = (
			);
			name = "[CP] Copy Pods Resources";
			outputPaths = (
			);
			runOnlyForDeploymentPostprocessing = 0;
			shellPath = /bin/sh;
			shellScript = "\"${SRCROOT}/Pods/Target Support Files/Pods-TestRealm/Pods-TestRealm-resources.sh\"\n";
			showEnvVarsInLog = 0;
		};
		B080730C4BF64FEBC749279A /* [CP] Check Pods Manifest.lock */ = {
			isa = PBXShellScriptBuildPhase;
			buildActionMask = 2147483647;
			files = (
			);
			inputPaths = (
			);
			name = "[CP] Check Pods Manifest.lock";
			outputPaths = (
			);
			runOnlyForDeploymentPostprocessing = 0;
			shellPath = /bin/sh;
			shellScript = "diff \"${PODS_ROOT}/../Podfile.lock\" \"${PODS_ROOT}/Manifest.lock\" > /dev/null\nif [[ $? != 0 ]] ; then\n    cat << EOM\nerror: The sandbox is not in sync with the Podfile.lock. Run 'pod install' or update your CocoaPods installation.\nEOM\n    exit 1\nfi\n";
			showEnvVarsInLog = 0;
		};
		D520BF9A57BEB4ACA8BF90CD /* [CP] Embed Pods Frameworks */ = {
			isa = PBXShellScriptBuildPhase;
			buildActionMask = 2147483647;
			files = (
			);
			inputPaths = (
			);
			name = "[CP] Embed Pods Frameworks";
			outputPaths = (
			);
			runOnlyForDeploymentPostprocessing = 0;
			shellPath = /bin/sh;
			shellScript = "\"${SRCROOT}/Pods/Target Support Files/Pods-TestRealm/Pods-TestRealm-frameworks.sh\"\n";
			showEnvVarsInLog = 0;
		};
/* End PBXShellScriptBuildPhase section */

/* Begin PBXSourcesBuildPhase section */
		1BE261E81D38E7410080828E /* Sources */ = {
			isa = PBXSourcesBuildPhase;
			buildActionMask = 2147483647;
			files = (
				1BE261F21D38E7420080828E /* ViewController.swift in Sources */,
				1BE261F01D38E7420080828E /* AppDelegate.swift in Sources */,
			);
			runOnlyForDeploymentPostprocessing = 0;
		};
/* End PBXSourcesBuildPhase section */

/* Begin PBXVariantGroup section */
		1BE261F31D38E7420080828E /* Main.storyboard */ = {
			isa = PBXVariantGroup;
			children = (
				1BE261F41D38E7420080828E /* Base */,
			);
			name = Main.storyboard;
			sourceTree = "<group>";
		};
		1BE261F81D38E7420080828E /* LaunchScreen.storyboard */ = {
			isa = PBXVariantGroup;
			children = (
				1BE261F91D38E7420080828E /* Base */,
			);
			name = LaunchScreen.storyboard;
			sourceTree = "<group>";
		};
/* End PBXVariantGroup section */

/* Begin XCBuildConfiguration section */
		1BE261FC1D38E7420080828E /* Debug */ = {
			isa = XCBuildConfiguration;
			buildSettings = {
				ALWAYS_SEARCH_USER_PATHS = NO;
				CLANG_ANALYZER_NONNULL = YES;
				CLANG_CXX_LANGUAGE_STANDARD = "gnu++0x";
				CLANG_CXX_LIBRARY = "libc++";
				CLANG_ENABLE_MODULES = YES;
				CLANG_ENABLE_OBJC_ARC = YES;
				CLANG_WARN_BOOL_CONVERSION = YES;
				CLANG_WARN_CONSTANT_CONVERSION = YES;
				CLANG_WARN_DIRECT_OBJC_ISA_USAGE = YES_ERROR;
				CLANG_WARN_EMPTY_BODY = YES;
				CLANG_WARN_ENUM_CONVERSION = YES;
				CLANG_WARN_INT_CONVERSION = YES;
				CLANG_WARN_OBJC_ROOT_CLASS = YES_ERROR;
				CLANG_WARN_UNREACHABLE_CODE = YES;
				CLANG_WARN__DUPLICATE_METHOD_MATCH = YES;
				"CODE_SIGN_IDENTITY[sdk=iphoneos*]" = "iPhone Developer";
				COPY_PHASE_STRIP = NO;
				DEBUG_INFORMATION_FORMAT = dwarf;
				ENABLE_STRICT_OBJC_MSGSEND = YES;
				ENABLE_TESTABILITY = YES;
				GCC_C_LANGUAGE_STANDARD = gnu99;
				GCC_DYNAMIC_NO_PIC = NO;
				GCC_NO_COMMON_BLOCKS = YES;
				GCC_OPTIMIZATION_LEVEL = 0;
				GCC_PREPROCESSOR_DEFINITIONS = (
					"DEBUG=1",
					"$(inherited)",
				);
				GCC_WARN_64_TO_32_BIT_CONVERSION = YES;
				GCC_WARN_ABOUT_RETURN_TYPE = YES_ERROR;
				GCC_WARN_UNDECLARED_SELECTOR = YES;
				GCC_WARN_UNINITIALIZED_AUTOS = YES_AGGRESSIVE;
				GCC_WARN_UNUSED_FUNCTION = YES;
				GCC_WARN_UNUSED_VARIABLE = YES;
				IPHONEOS_DEPLOYMENT_TARGET = 9.3;
				MTL_ENABLE_DEBUG_INFO = YES;
				ONLY_ACTIVE_ARCH = YES;
				SDKROOT = iphoneos;
				SWIFT_OPTIMIZATION_LEVEL = "-Onone";
				TARGETED_DEVICE_FAMILY = "1,2";
			};
			name = Debug;
		};
		1BE261FD1D38E7420080828E /* Release */ = {
			isa = XCBuildConfiguration;
			buildSettings = {
				ALWAYS_SEARCH_USER_PATHS = NO;
				CLANG_ANALYZER_NONNULL = YES;
				CLANG_CXX_LANGUAGE_STANDARD = "gnu++0x";
				CLANG_CXX_LIBRARY = "libc++";
				CLANG_ENABLE_MODULES = YES;
				CLANG_ENABLE_OBJC_ARC = YES;
				CLANG_WARN_BOOL_CONVERSION = YES;
				CLANG_WARN_CONSTANT_CONVERSION = YES;
				CLANG_WARN_DIRECT_OBJC_ISA_USAGE = YES_ERROR;
				CLANG_WARN_EMPTY_BODY = YES;
				CLANG_WARN_ENUM_CONVERSION = YES;
				CLANG_WARN_INT_CONVERSION = YES;
				CLANG_WARN_OBJC_ROOT_CLASS = YES_ERROR;
				CLANG_WARN_UNREACHABLE_CODE = YES;
				CLANG_WARN__DUPLICATE_METHOD_MATCH = YES;
				"CODE_SIGN_IDENTITY[sdk=iphoneos*]" = "iPhone Developer";
				COPY_PHASE_STRIP = NO;
				DEBUG_INFORMATION_FORMAT = "dwarf-with-dsym";
				ENABLE_NS_ASSERTIONS = NO;
				ENABLE_STRICT_OBJC_MSGSEND = YES;
				GCC_C_LANGUAGE_STANDARD = gnu99;
				GCC_NO_COMMON_BLOCKS = YES;
				GCC_WARN_64_TO_32_BIT_CONVERSION = YES;
				GCC_WARN_ABOUT_RETURN_TYPE = YES_ERROR;
				GCC_WARN_UNDECLARED_SELECTOR = YES;
				GCC_WARN_UNINITIALIZED_AUTOS = YES_AGGRESSIVE;
				GCC_WARN_UNUSED_FUNCTION = YES;
				GCC_WARN_UNUSED_VARIABLE = YES;
				IPHONEOS_DEPLOYMENT_TARGET = 9.3;
				MTL_ENABLE_DEBUG_INFO = NO;
				SDKROOT = iphoneos;
				TARGETED_DEVICE_FAMILY = "1,2";
				VALIDATE_PRODUCT = YES;
			};
			name = Release;
		};
		1BE261FF1D38E7420080828E /* Debug */ = {
			isa = XCBuildConfiguration;
			baseConfigurationReference = 375465D0BF0BC95A01B82818 /* Pods-TestRealm.debug.xcconfig */;
			buildSettings = {
				ASSETCATALOG_COMPILER_APPICON_NAME = AppIcon;
				INFOPLIST_FILE = TestRealm/Info.plist;
				LD_RUNPATH_SEARCH_PATHS = "$(inherited) @executable_path/Frameworks";
				PRODUCT_BUNDLE_IDENTIFIER = TPM.TestRealm;
				PRODUCT_NAME = "$(TARGET_NAME)";
			};
			name = Debug;
		};
		1BE262001D38E7420080828E /* Release */ = {
			isa = XCBuildConfiguration;
			baseConfigurationReference = 352F8A0934BC82F4EC501903 /* Pods-TestRealm.release.xcconfig */;
			buildSettings = {
				ASSETCATALOG_COMPILER_APPICON_NAME = AppIcon;
				INFOPLIST_FILE = TestRealm/Info.plist;
				LD_RUNPATH_SEARCH_PATHS = "$(inherited) @executable_path/Frameworks";
				PRODUCT_BUNDLE_IDENTIFIER = TPM.TestRealm;
				PRODUCT_NAME = "$(TARGET_NAME)";
			};
			name = Release;
		};
/* End XCBuildConfiguration section */

/* Begin XCConfigurationList section */
		1BE261E71D38E7410080828E /* Build configuration list for PBXProject "TestRealm" */ = {
			isa = XCConfigurationList;
			buildConfigurations = (
				1BE261FC1D38E7420080828E /* Debug */,
				1BE261FD1D38E7420080828E /* Release */,
			);
			defaultConfigurationIsVisible = 0;
			defaultConfigurationName = Release;
		};
		1BE261FE1D38E7420080828E /* Build configuration list for PBXNativeTarget "TestRealm" */ = {
			isa = XCConfigurationList;
			buildConfigurations = (
				1BE261FF1D38E7420080828E /* Debug */,
				1BE262001D38E7420080828E /* Release */,
			);
			defaultConfigurationIsVisible = 0;
			defaultConfigurationName = Release;
		};
/* End XCConfigurationList section */
	};
	rootObject = 1BE261E41D38E7410080828E /* Project object */;
}
